// !$*UTF8*$!
{
	archiveVersion = 1;
	classes = {
	};
	objectVersion = 77;
	objects = {

/* Begin PBXContainerItemProxy section */
		A0EB920D2D1EE66200764E5C /* PBXContainerItemProxy */ = {
			isa = PBXContainerItemProxy;
			containerPortal = A0EB91F42D1EE66100764E5C /* Project object */;
			proxyType = 1;
			remoteGlobalIDString = A0EB91FB2D1EE66100764E5C;
			remoteInfo = SampleNYCSchoolsApp;
		};
		A0EB92172D1EE66200764E5C /* PBXContainerItemProxy */ = {
			isa = PBXContainerItemProxy;
			containerPortal = A0EB91F42D1EE66100764E5C /* Project object */;
			proxyType = 1;
			remoteGlobalIDString = A0EB91FB2D1EE66100764E5C;
			remoteInfo = SampleNYCSchoolsApp;
		};
/* End PBXContainerItemProxy section */

/* Begin PBXFileReference section */
		A0DE49812D2046D600FED247 /* SampleNYCSchoolsApp.xctestplan */ = {isa = PBXFileReference; lastKnownFileType = text; path = SampleNYCSchoolsApp.xctestplan; sourceTree = "<group>"; };
		A0EB91FC2D1EE66100764E5C /* SampleNYCSchoolsApp.app */ = {isa = PBXFileReference; explicitFileType = wrapper.application; includeInIndex = 0; path = SampleNYCSchoolsApp.app; sourceTree = BUILT_PRODUCTS_DIR; };
		A0EB920C2D1EE66200764E5C /* SampleNYCSchoolsAppTests.xctest */ = {isa = PBXFileReference; explicitFileType = wrapper.cfbundle; includeInIndex = 0; path = SampleNYCSchoolsAppTests.xctest; sourceTree = BUILT_PRODUCTS_DIR; };
		A0EB92162D1EE66200764E5C /* SampleNYCSchoolsAppUITests.xctest */ = {isa = PBXFileReference; explicitFileType = wrapper.cfbundle; includeInIndex = 0; path = SampleNYCSchoolsAppUITests.xctest; sourceTree = BUILT_PRODUCTS_DIR; };
/* End PBXFileReference section */

/* Begin PBXFileSystemSynchronizedRootGroup section */
		A0EB920F2D1EE66200764E5C /* SampleNYCSchoolsAppTests */ = {
			isa = PBXFileSystemSynchronizedRootGroup;
			path = SampleNYCSchoolsAppTests;
			sourceTree = "<group>";
		};
		A0EB92192D1EE66200764E5C /* SampleNYCSchoolsAppUITests */ = {
			isa = PBXFileSystemSynchronizedRootGroup;
			path = SampleNYCSchoolsAppUITests;
			sourceTree = "<group>";
		};
		A0EB92392D1EE69300764E5C /* SampleNYCSchoolsApp */ = {
			isa = PBXFileSystemSynchronizedRootGroup;
			path = SampleNYCSchoolsApp;
			sourceTree = "<group>";
		};
/* End PBXFileSystemSynchronizedRootGroup section */

/* Begin PBXFrameworksBuildPhase section */
		A0EB91F92D1EE66100764E5C /* Frameworks */ = {
			isa = PBXFrameworksBuildPhase;
			buildActionMask = 2147483647;
			files = (
			);
			runOnlyForDeploymentPostprocessing = 0;
		};
		A0EB92092D1EE66200764E5C /* Frameworks */ = {
			isa = PBXFrameworksBuildPhase;
			buildActionMask = 2147483647;
			files = (
			);
			runOnlyForDeploymentPostprocessing = 0;
		};
		A0EB92132D1EE66200764E5C /* Frameworks */ = {
			isa = PBXFrameworksBuildPhase;
			buildActionMask = 2147483647;
			files = (
			);
			runOnlyForDeploymentPostprocessing = 0;
		};
/* End PBXFrameworksBuildPhase section */

/* Begin PBXGroup section */
		A0EB91F32D1EE66100764E5C = {
			isa = PBXGroup;
			children = (
				A0DE49812D2046D600FED247 /* SampleNYCSchoolsApp.xctestplan */,
				A0EB92392D1EE69300764E5C /* SampleNYCSchoolsApp */,
				A0EB920F2D1EE66200764E5C /* SampleNYCSchoolsAppTests */,
				A0EB92192D1EE66200764E5C /* SampleNYCSchoolsAppUITests */,
				A0EB91FD2D1EE66100764E5C /* Products */,
			);
			sourceTree = "<group>";
		};
		A0EB91FD2D1EE66100764E5C /* Products */ = {
			isa = PBXGroup;
			children = (
				A0EB91FC2D1EE66100764E5C /* SampleNYCSchoolsApp.app */,
				A0EB920C2D1EE66200764E5C /* SampleNYCSchoolsAppTests.xctest */,
				A0EB92162D1EE66200764E5C /* SampleNYCSchoolsAppUITests.xctest */,
			);
			name = Products;
			sourceTree = "<group>";
		};
/* End PBXGroup section */

/* Begin PBXNativeTarget section */
		A0EB91FB2D1EE66100764E5C /* SampleNYCSchoolsApp */ = {
			isa = PBXNativeTarget;
			buildConfigurationList = A0EB92202D1EE66200764E5C /* Build configuration list for PBXNativeTarget "SampleNYCSchoolsApp" */;
			buildPhases = (
				A0EB91F82D1EE66100764E5C /* Sources */,
				A0EB91F92D1EE66100764E5C /* Frameworks */,
				A0EB91FA2D1EE66100764E5C /* Resources */,
			);
			buildRules = (
			);
			dependencies = (
			);
			fileSystemSynchronizedGroups = (
				A0EB92392D1EE69300764E5C /* SampleNYCSchoolsApp */,
			);
			name = SampleNYCSchoolsApp;
			packageProductDependencies = (
			);
			productName = SampleNYCSchoolsApp;
			productReference = A0EB91FC2D1EE66100764E5C /* SampleNYCSchoolsApp.app */;
			productType = "com.apple.product-type.application";
		};
		A0EB920B2D1EE66200764E5C /* SampleNYCSchoolsAppTests */ = {
			isa = PBXNativeTarget;
			buildConfigurationList = A0EB92232D1EE66200764E5C /* Build configuration list for PBXNativeTarget "SampleNYCSchoolsAppTests" */;
			buildPhases = (
				A0EB92082D1EE66200764E5C /* Sources */,
				A0EB92092D1EE66200764E5C /* Frameworks */,
				A0EB920A2D1EE66200764E5C /* Resources */,
			);
			buildRules = (
			);
			dependencies = (
				A0EB920E2D1EE66200764E5C /* PBXTargetDependency */,
			);
			fileSystemSynchronizedGroups = (
				A0EB920F2D1EE66200764E5C /* SampleNYCSchoolsAppTests */,
			);
			name = SampleNYCSchoolsAppTests;
			packageProductDependencies = (
			);
			productName = SampleNYCSchoolsAppTests;
			productReference = A0EB920C2D1EE66200764E5C /* SampleNYCSchoolsAppTests.xctest */;
			productType = "com.apple.product-type.bundle.unit-test";
		};
		A0EB92152D1EE66200764E5C /* SampleNYCSchoolsAppUITests */ = {
			isa = PBXNativeTarget;
			buildConfigurationList = A0EB92262D1EE66200764E5C /* Build configuration list for PBXNativeTarget "SampleNYCSchoolsAppUITests" */;
			buildPhases = (
				A0EB92122D1EE66200764E5C /* Sources */,
				A0EB92132D1EE66200764E5C /* Frameworks */,
				A0EB92142D1EE66200764E5C /* Resources */,
			);
			buildRules = (
			);
			dependencies = (
				A0EB92182D1EE66200764E5C /* PBXTargetDependency */,
			);
			fileSystemSynchronizedGroups = (
				A0EB92192D1EE66200764E5C /* SampleNYCSchoolsAppUITests */,
			);
			name = SampleNYCSchoolsAppUITests;
			packageProductDependencies = (
			);
			productName = SampleNYCSchoolsAppUITests;
			productReference = A0EB92162D1EE66200764E5C /* SampleNYCSchoolsAppUITests.xctest */;
			productType = "com.apple.product-type.bundle.ui-testing";
		};
/* End PBXNativeTarget section */

/* Begin PBXProject section */
		A0EB91F42D1EE66100764E5C /* Project object */ = {
			isa = PBXProject;
			attributes = {
				BuildIndependentTargetsInParallel = 1;
				LastSwiftUpdateCheck = 1620;
				LastUpgradeCheck = 1620;
				TargetAttributes = {
					A0EB91FB2D1EE66100764E5C = {
						CreatedOnToolsVersion = 16.2;
					};
					A0EB920B2D1EE66200764E5C = {
						CreatedOnToolsVersion = 16.2;
						TestTargetID = A0EB91FB2D1EE66100764E5C;
					};
					A0EB92152D1EE66200764E5C = {
						CreatedOnToolsVersion = 16.2;
						TestTargetID = A0EB91FB2D1EE66100764E5C;
					};
				};
			};
			buildConfigurationList = A0EB91F72D1EE66100764E5C /* Build configuration list for PBXProject "SampleNYCSchoolsApp" */;
			developmentRegion = en;
			hasScannedForEncodings = 0;
			knownRegions = (
				en,
				Base,
			);
			mainGroup = A0EB91F32D1EE66100764E5C;
			minimizedProjectReferenceProxies = 1;
			preferredProjectObjectVersion = 77;
			productRefGroup = A0EB91FD2D1EE66100764E5C /* Products */;
			projectDirPath = "";
			projectRoot = "";
			targets = (
				A0EB91FB2D1EE66100764E5C /* SampleNYCSchoolsApp */,
				A0EB920B2D1EE66200764E5C /* SampleNYCSchoolsAppTests */,
				A0EB92152D1EE66200764E5C /* SampleNYCSchoolsAppUITests */,
			);
		};
/* End PBXProject section */

/* Begin PBXResourcesBuildPhase section */
		A0EB91FA2D1EE66100764E5C /* Resources */ = {
			isa = PBXResourcesBuildPhase;
			buildActionMask = 2147483647;
			files = (
			);
			runOnlyForDeploymentPostprocessing = 0;
		};
		A0EB920A2D1EE66200764E5C /* Resources */ = {
			isa = PBXResourcesBuildPhase;
			buildActionMask = 2147483647;
			files = (
			);
			runOnlyForDeploymentPostprocessing = 0;
		};
		A0EB92142D1EE66200764E5C /* Resources */ = {
			isa = PBXResourcesBuildPhase;
			buildActionMask = 2147483647;
			files = (
			);
			runOnlyForDeploymentPostprocessing = 0;
		};
/* End PBXResourcesBuildPhase section */

/* Begin PBXSourcesBuildPhase section */
		A0EB91F82D1EE66100764E5C /* Sources */ = {
			isa = PBXSourcesBuildPhase;
			buildActionMask = 2147483647;
			files = (
			);
			runOnlyForDeploymentPostprocessing = 0;
		};
		A0EB92082D1EE66200764E5C /* Sources */ = {
			isa = PBXSourcesBuildPhase;
			buildActionMask = 2147483647;
			files = (
			);
			runOnlyForDeploymentPostprocessing = 0;
		};
		A0EB92122D1EE66200764E5C /* Sources */ = {
			isa = PBXSourcesBuildPhase;
			buildActionMask = 2147483647;
			files = (
			);
			runOnlyForDeploymentPostprocessing = 0;
		};
/* End PBXSourcesBuildPhase section */

/* Begin PBXTargetDependency section */
		A0EB920E2D1EE66200764E5C /* PBXTargetDependency */ = {
			isa = PBXTargetDependency;
			target = A0EB91FB2D1EE66100764E5C /* SampleNYCSchoolsApp */;
			targetProxy = A0EB920D2D1EE66200764E5C /* PBXContainerItemProxy */;
		};
		A0EB92182D1EE66200764E5C /* PBXTargetDependency */ = {
			isa = PBXTargetDependency;
			target = A0EB91FB2D1EE66100764E5C /* SampleNYCSchoolsApp */;
			targetProxy = A0EB92172D1EE66200764E5C /* PBXContainerItemProxy */;
		};
/* End PBXTargetDependency section */

/* Begin XCBuildConfiguration section */
		A0EB921E2D1EE66200764E5C /* Debug */ = {
			isa = XCBuildConfiguration;
			buildSettings = {
				ALWAYS_SEARCH_USER_PATHS = NO;
				ASSETCATALOG_COMPILER_GENERATE_SWIFT_ASSET_SYMBOL_EXTENSIONS = YES;
				CLANG_ANALYZER_NONNULL = YES;
				CLANG_ANALYZER_NUMBER_OBJECT_CONVERSION = YES_AGGRESSIVE;
				CLANG_CXX_LANGUAGE_STANDARD = "gnu++20";
				CLANG_ENABLE_MODULES = YES;
				CLANG_ENABLE_OBJC_ARC = YES;
				CLANG_ENABLE_OBJC_WEAK = YES;
				CLANG_WARN_BLOCK_CAPTURE_AUTORELEASING = YES;
				CLANG_WARN_BOOL_CONVERSION = YES;
				CLANG_WARN_COMMA = YES;
				CLANG_WARN_CONSTANT_CONVERSION = YES;
				CLANG_WARN_DEPRECATED_OBJC_IMPLEMENTATIONS = YES;
				CLANG_WARN_DIRECT_OBJC_ISA_USAGE = YES_ERROR;
				CLANG_WARN_DOCUMENTATION_COMMENTS = YES;
				CLANG_WARN_EMPTY_BODY = YES;
				CLANG_WARN_ENUM_CONVERSION = YES;
				CLANG_WARN_INFINITE_RECURSION = YES;
				CLANG_WARN_INT_CONVERSION = YES;
				CLANG_WARN_NON_LITERAL_NULL_CONVERSION = YES;
				CLANG_WARN_OBJC_IMPLICIT_RETAIN_SELF = YES;
				CLANG_WARN_OBJC_LITERAL_CONVERSION = YES;
				CLANG_WARN_OBJC_ROOT_CLASS = YES_ERROR;
				CLANG_WARN_QUOTED_INCLUDE_IN_FRAMEWORK_HEADER = YES;
				CLANG_WARN_RANGE_LOOP_ANALYSIS = YES;
				CLANG_WARN_STRICT_PROTOTYPES = YES;
				CLANG_WARN_SUSPICIOUS_MOVE = YES;
				CLANG_WARN_UNGUARDED_AVAILABILITY = YES_AGGRESSIVE;
				CLANG_WARN_UNREACHABLE_CODE = YES;
				CLANG_WARN__DUPLICATE_METHOD_MATCH = YES;
				COPY_PHASE_STRIP = NO;
				DEBUG_INFORMATION_FORMAT = dwarf;
				ENABLE_STRICT_OBJC_MSGSEND = YES;
				ENABLE_TESTABILITY = YES;
				ENABLE_USER_SCRIPT_SANDBOXING = YES;
				GCC_C_LANGUAGE_STANDARD = gnu17;
				GCC_DYNAMIC_NO_PIC = NO;
				GCC_NO_COMMON_BLOCKS = YES;
				GCC_OPTIMIZATION_LEVEL = 0;
				GCC_PREPROCESSOR_DEFINITIONS = (
					"DEBUG=1",
					"$(inherited)",
				);
				GCC_WARN_64_TO_32_BIT_CONVERSION = YES;
				GCC_WARN_ABOUT_RETURN_TYPE = YES_ERROR;
				GCC_WARN_UNDECLARED_SELECTOR = YES;
				GCC_WARN_UNINITIALIZED_AUTOS = YES_AGGRESSIVE;
				GCC_WARN_UNUSED_FUNCTION = YES;
				GCC_WARN_UNUSED_VARIABLE = YES;
				IPHONEOS_DEPLOYMENT_TARGET = 18.2;
				LOCALIZATION_PREFERS_STRING_CATALOGS = YES;
				MTL_ENABLE_DEBUG_INFO = INCLUDE_SOURCE;
				MTL_FAST_MATH = YES;
				ONLY_ACTIVE_ARCH = YES;
				SDKROOT = iphoneos;
				SWIFT_ACTIVE_COMPILATION_CONDITIONS = "DEBUG $(inherited)";
				SWIFT_OPTIMIZATION_LEVEL = "-Onone";
			};
			name = Debug;
		};
		A0EB921F2D1EE66200764E5C /* Release */ = {
			isa = XCBuildConfiguration;
			buildSettings = {
				ALWAYS_SEARCH_USER_PATHS = NO;
				ASSETCATALOG_COMPILER_GENERATE_SWIFT_ASSET_SYMBOL_EXTENSIONS = YES;
				CLANG_ANALYZER_NONNULL = YES;
				CLANG_ANALYZER_NUMBER_OBJECT_CONVERSION = YES_AGGRESSIVE;
				CLANG_CXX_LANGUAGE_STANDARD = "gnu++20";
				CLANG_ENABLE_MODULES = YES;
				CLANG_ENABLE_OBJC_ARC = YES;
				CLANG_ENABLE_OBJC_WEAK = YES;
				CLANG_WARN_BLOCK_CAPTURE_AUTORELEASING = YES;
				CLANG_WARN_BOOL_CONVERSION = YES;
				CLANG_WARN_COMMA = YES;
				CLANG_WARN_CONSTANT_CONVERSION = YES;
				CLANG_WARN_DEPRECATED_OBJC_IMPLEMENTATIONS = YES;
				CLANG_WARN_DIRECT_OBJC_ISA_USAGE = YES_ERROR;
				CLANG_WARN_DOCUMENTATION_COMMENTS = YES;
				CLANG_WARN_EMPTY_BODY = YES;
				CLANG_WARN_ENUM_CONVERSION = YES;
				CLANG_WARN_INFINITE_RECURSION = YES;
				CLANG_WARN_INT_CONVERSION = YES;
				CLANG_WARN_NON_LITERAL_NULL_CONVERSION = YES;
				CLANG_WARN_OBJC_IMPLICIT_RETAIN_SELF = YES;
				CLANG_WARN_OBJC_LITERAL_CONVERSION = YES;
				CLANG_WARN_OBJC_ROOT_CLASS = YES_ERROR;
				CLANG_WARN_QUOTED_INCLUDE_IN_FRAMEWORK_HEADER = YES;
				CLANG_WARN_RANGE_LOOP_ANALYSIS = YES;
				CLANG_WARN_STRICT_PROTOTYPES = YES;
				CLANG_WARN_SUSPICIOUS_MOVE = YES;
				CLANG_WARN_UNGUARDED_AVAILABILITY = YES_AGGRESSIVE;
				CLANG_WARN_UNREACHABLE_CODE = YES;
				CLANG_WARN__DUPLICATE_METHOD_MATCH = YES;
				COPY_PHASE_STRIP = NO;
				DEBUG_INFORMATION_FORMAT = "dwarf-with-dsym";
				ENABLE_NS_ASSERTIONS = NO;
				ENABLE_STRICT_OBJC_MSGSEND = YES;
				ENABLE_USER_SCRIPT_SANDBOXING = YES;
				GCC_C_LANGUAGE_STANDARD = gnu17;
				GCC_NO_COMMON_BLOCKS = YES;
				GCC_WARN_64_TO_32_BIT_CONVERSION = YES;
				GCC_WARN_ABOUT_RETURN_TYPE = YES_ERROR;
				GCC_WARN_UNDECLARED_SELECTOR = YES;
				GCC_WARN_UNINITIALIZED_AUTOS = YES_AGGRESSIVE;
				GCC_WARN_UNUSED_FUNCTION = YES;
				GCC_WARN_UNUSED_VARIABLE = YES;
				IPHONEOS_DEPLOYMENT_TARGET = 18.2;
				LOCALIZATION_PREFERS_STRING_CATALOGS = YES;
				MTL_ENABLE_DEBUG_INFO = NO;
				MTL_FAST_MATH = YES;
				SDKROOT = iphoneos;
				SWIFT_COMPILATION_MODE = wholemodule;
				VALIDATE_PRODUCT = YES;
			};
			name = Release;
		};
		A0EB92212D1EE66200764E5C /* Debug */ = {
			isa = XCBuildConfiguration;
			buildSettings = {
				ASSETCATALOG_COMPILER_APPICON_NAME = AppIcon;
				ASSETCATALOG_COMPILER_GLOBAL_ACCENT_COLOR_NAME = AccentColor;
				CODE_SIGN_STYLE = Manual;
				CURRENT_PROJECT_VERSION = 1;
				DEVELOPMENT_ASSET_PATHS = "\"SampleNYCSchoolsApp/Preview Content\"";
				DEVELOPMENT_TEAM = "";
				ENABLE_PREVIEWS = YES;
				GENERATE_INFOPLIST_FILE = YES;
				INFOPLIST_KEY_UIApplicationSceneManifest_Generation = YES;
				INFOPLIST_KEY_UIApplicationSupportsIndirectInputEvents = YES;
				INFOPLIST_KEY_UILaunchScreen_Generation = YES;
				INFOPLIST_KEY_UISupportedInterfaceOrientations = UIInterfaceOrientationPortrait;
				INFOPLIST_KEY_UISupportedInterfaceOrientations_iPad = "UIInterfaceOrientationLandscapeLeft UIInterfaceOrientationLandscapeRight UIInterfaceOrientationPortrait UIInterfaceOrientationPortraitUpsideDown";
				IPHONEOS_DEPLOYMENT_TARGET = 18.0;
				LD_RUNPATH_SEARCH_PATHS = (
					"$(inherited)",
					"@executable_path/Frameworks",
				);
				MARKETING_VERSION = 1.0;
				PRODUCT_BUNDLE_IDENTIFIER = test.SampleNYCSchoolsApp;
				PRODUCT_NAME = "$(TARGET_NAME)";
				PROVISIONING_PROFILE_SPECIFIER = "";
				SUPPORTED_PLATFORMS = "iphoneos iphonesimulator";
				SUPPORTS_MACCATALYST = NO;
				SUPPORTS_MAC_DESIGNED_FOR_IPHONE_IPAD = NO;
				SUPPORTS_XR_DESIGNED_FOR_IPHONE_IPAD = NO;
				SWIFT_EMIT_LOC_STRINGS = YES;
				SWIFT_VERSION = 5.0;
				TARGETED_DEVICE_FAMILY = 1;
			};
			name = Debug;
		};
		A0EB92222D1EE66200764E5C /* Release */ = {
			isa = XCBuildConfiguration;
			buildSettings = {
				ASSETCATALOG_COMPILER_APPICON_NAME = AppIcon;
				ASSETCATALOG_COMPILER_GLOBAL_ACCENT_COLOR_NAME = AccentColor;
				CODE_SIGN_STYLE = Manual;
				CURRENT_PROJECT_VERSION = 1;
				DEVELOPMENT_ASSET_PATHS = "\"SampleNYCSchoolsApp/Preview Content\"";
				DEVELOPMENT_TEAM = "";
				ENABLE_PREVIEWS = YES;
				GENERATE_INFOPLIST_FILE = YES;
				INFOPLIST_KEY_UIApplicationSceneManifest_Generation = YES;
				INFOPLIST_KEY_UIApplicationSupportsIndirectInputEvents = YES;
				INFOPLIST_KEY_UILaunchScreen_Generation = YES;
				INFOPLIST_KEY_UISupportedInterfaceOrientations = UIInterfaceOrientationPortrait;
				INFOPLIST_KEY_UISupportedInterfaceOrientations_iPad = "UIInterfaceOrientationLandscapeLeft UIInterfaceOrientationLandscapeRight UIInterfaceOrientationPortrait UIInterfaceOrientationPortraitUpsideDown";
				IPHONEOS_DEPLOYMENT_TARGET = 18.0;
				LD_RUNPATH_SEARCH_PATHS = (
					"$(inherited)",
					"@executable_path/Frameworks",
				);
				MARKETING_VERSION = 1.0;
				PRODUCT_BUNDLE_IDENTIFIER = test.SampleNYCSchoolsApp;
				PRODUCT_NAME = "$(TARGET_NAME)";
				PROVISIONING_PROFILE_SPECIFIER = "";
				SUPPORTED_PLATFORMS = "iphoneos iphonesimulator";
				SUPPORTS_MACCATALYST = NO;
				SUPPORTS_MAC_DESIGNED_FOR_IPHONE_IPAD = NO;
				SUPPORTS_XR_DESIGNED_FOR_IPHONE_IPAD = NO;
				SWIFT_EMIT_LOC_STRINGS = YES;
				SWIFT_VERSION = 5.0;
				TARGETED_DEVICE_FAMILY = 1;
			};
			name = Release;
		};
		A0EB92242D1EE66200764E5C /* Debug */ = {
			isa = XCBuildConfiguration;
			buildSettings = {
				BUNDLE_LOADER = "$(TEST_HOST)";
				CODE_SIGN_STYLE = Automatic;
				CURRENT_PROJECT_VERSION = 1;
				GENERATE_INFOPLIST_FILE = YES;
				IPHONEOS_DEPLOYMENT_TARGET = 18.2;
				MARKETING_VERSION = 1.0;
				PRODUCT_BUNDLE_IDENTIFIER = test.SampleNYCSchoolsAppTests;
				PRODUCT_NAME = "$(TARGET_NAME)";
				SWIFT_EMIT_LOC_STRINGS = NO;
				SWIFT_VERSION = 5.0;
				TARGETED_DEVICE_FAMILY = "1,2";
				TEST_HOST = "$(BUILT_PRODUCTS_DIR)/SampleNYCSchoolsApp.app/$(BUNDLE_EXECUTABLE_FOLDER_PATH)/SampleNYCSchoolsApp";
			};
			name = Debug;
		};
		A0EB92252D1EE66200764E5C /* Release */ = {
			isa = XCBuildConfiguration;
			buildSettings = {
				BUNDLE_LOADER = "$(TEST_HOST)";
				CODE_SIGN_STYLE = Automatic;
				CURRENT_PROJECT_VERSION = 1;
				GENERATE_INFOPLIST_FILE = YES;
				IPHONEOS_DEPLOYMENT_TARGET = 18.2;
				MARKETING_VERSION = 1.0;
				PRODUCT_BUNDLE_IDENTIFIER = test.SampleNYCSchoolsAppTests;
				PRODUCT_NAME = "$(TARGET_NAME)";
				SWIFT_EMIT_LOC_STRINGS = NO;
				SWIFT_VERSION = 5.0;
				TARGETED_DEVICE_FAMILY = "1,2";
				TEST_HOST = "$(BUILT_PRODUCTS_DIR)/SampleNYCSchoolsApp.app/$(BUNDLE_EXECUTABLE_FOLDER_PATH)/SampleNYCSchoolsApp";
			};
			name = Release;
		};
		A0EB92272D1EE66200764E5C /* Debug */ = {
			isa = XCBuildConfiguration;
			buildSettings = {
				CODE_SIGN_STYLE = Automatic;
				CURRENT_PROJECT_VERSION = 1;
				GENERATE_INFOPLIST_FILE = YES;
				MARKETING_VERSION = 1.0;
				PRODUCT_BUNDLE_IDENTIFIER = test.SampleNYCSchoolsAppUITests;
				PRODUCT_NAME = "$(TARGET_NAME)";
				SWIFT_EMIT_LOC_STRINGS = NO;
				SWIFT_VERSION = 5.0;
				TARGETED_DEVICE_FAMILY = "1,2";
				TEST_TARGET_NAME = SampleNYCSchoolsApp;
			};
			name = Debug;
		};
		A0EB92282D1EE66200764E5C /* Release */ = {
			isa = XCBuildConfiguration;
			buildSettings = {
				CODE_SIGN_STYLE = Automatic;
				CURRENT_PROJECT_VERSION = 1;
				GENERATE_INFOPLIST_FILE = YES;
				MARKETING_VERSION = 1.0;
				PRODUCT_BUNDLE_IDENTIFIER = test.SampleNYCSchoolsAppUITests;
				PRODUCT_NAME = "$(TARGET_NAME)";
				SWIFT_EMIT_LOC_STRINGS = NO;
				SWIFT_VERSION = 5.0;
				TARGETED_DEVICE_FAMILY = "1,2";
				TEST_TARGET_NAME = SampleNYCSchoolsApp;
			};
			name = Release;
		};
/* End XCBuildConfiguration section */

/* Begin XCConfigurationList section */
		A0EB91F72D1EE66100764E5C /* Build configuration list for PBXProject "SampleNYCSchoolsApp" */ = {
			isa = XCConfigurationList;
			buildConfigurations = (
				A0EB921E2D1EE66200764E5C /* Debug */,
				A0EB921F2D1EE66200764E5C /* Release */,
			);
			defaultConfigurationIsVisible = 0;
			defaultConfigurationName = Release;
		};
		A0EB92202D1EE66200764E5C /* Build configuration list for PBXNativeTarget "SampleNYCSchoolsApp" */ = {
			isa = XCConfigurationList;
			buildConfigurations = (
				A0EB92212D1EE66200764E5C /* Debug */,
				A0EB92222D1EE66200764E5C /* Release */,
			);
			defaultConfigurationIsVisible = 0;
			defaultConfigurationName = Release;
		};
		A0EB92232D1EE66200764E5C /* Build configuration list for PBXNativeTarget "SampleNYCSchoolsAppTests" */ = {
			isa = XCConfigurationList;
			buildConfigurations = (
				A0EB92242D1EE66200764E5C /* Debug */,
				A0EB92252D1EE66200764E5C /* Release */,
			);
			defaultConfigurationIsVisible = 0;
			defaultConfigurationName = Release;
		};
		A0EB92262D1EE66200764E5C /* Build configuration list for PBXNativeTarget "SampleNYCSchoolsAppUITests" */ = {
			isa = XCConfigurationList;
			buildConfigurations = (
				A0EB92272D1EE66200764E5C /* Debug */,
				A0EB92282D1EE66200764E5C /* Release */,
			);
			defaultConfigurationIsVisible = 0;
			defaultConfigurationName = Release;
		};
/* End XCConfigurationList section */
	};
	rootObject = A0EB91F42D1EE66100764E5C /* Project object */;
}
